# THIS IS AN AUTOGENERATED FILE. DO NOT EDIT THIS FILE DIRECTLY.
# yarn lockfile v1


"@babel/runtime@^7.7.2":
  version "7.15.4"
  resolved "https://registry.nlark.com/@babel/runtime/download/@babel/runtime-7.15.4.tgz?cache=0&sync_timestamp=1630618785994&other_urls=https%3A%2F%2Fregistry.nlark.com%2F%40babel%2Fruntime%2Fdownload%2F%40babel%2Fruntime-7.15.4.tgz#fd17d16bfdf878e6dd02d19753a39fa8a8d9c84a"
  integrity sha1-/RfRa/34eObdAtGXU6OfqKjZyEo=
  dependencies:
    regenerator-runtime "^0.13.4"

"@types/requestidlecallback@^0.3.4":
  version "0.3.4"
  resolved "https://registry.nlark.com/@types/requestidlecallback/download/@types/requestidlecallback-0.3.4.tgz#819e22b8994cf547e1f17f9cb79805a5a3bb1db5"
  integrity sha1-gZ4iuJlM9Ufh8X+ct5gFpaO7HbU=

import-html-entry@^1.11.1:
  version "1.11.1"
  resolved "https://registry.npm.taobao.org/import-html-entry/download/import-html-entry-1.11.1.tgz?cache=0&sync_timestamp=1611064182955&other_urls=https%3A%2F%2Fregistry.npm.taobao.org%2Fimport-html-entry%2Fdownload%2Fimport-html-entry-1.11.1.tgz#3d8c5977926bdd122ab8e658965c102068b4af8d"
  integrity sha1-PYxZd5Jr3RIquOZYllwQIGi0r40=
  dependencies:
    "@babel/runtime" "^7.7.2"

path-to-regexp@^6.2.0:
  version "6.2.0"
  resolved "https://registry.npm.taobao.org/path-to-regexp/download/path-to-regexp-6.2.0.tgz#f7b3803336104c346889adece614669230645f38"
  integrity sha1-97OAMzYQTDRoia3s5hRmkjBkXzg=

regenerator-runtime@^0.13.4:
  version "0.13.9"
  resolved "https://registry.nlark.com/regenerator-runtime/download/regenerator-runtime-0.13.9.tgz#8925742a98ffd90814988d7566ad30ca3b263b52"
  integrity sha1-iSV0Kpj/2QgUmI11Zq0wyjsmO1I=
